
Microsoft Visual Studio Solution File, Format Version 12.00
# Visual Studio 15
VisualStudioVersion = 15.0.26430.13
MinimumVisualStudioVersion = 10.0.40219.1
Project("{2150E333-8FDC-42A3-9474-1A3956D46DE8}") = "UI", "UI", "{752C0EB2-DDC6-4DA0-B241-76A6EBA5EF99}"
EndProject
Project("{FAE04EC0-301F-11D3-BF4B-00C04F79EFBC}") = "EFS.Web", "EFS.Web\EFS.Web.csproj", "{06D6816C-06C8-4980-8480-7B30F139309B}"
EndProject
Project("{FAE04EC0-301F-11D3-BF4B-00C04F79EFBC}") = "EFS.Admin", "EFS.Admin\EFS.Admin.csproj", "{54ED39D7-2B54-43BC-8F81-77FCC240CF8A}"
EndProject
Project("{2150E333-8FDC-42A3-9474-1A3956D46DE8}") = "API", "API", "{C9FC5098-FF7E-4C7D-8992-1A8D636D3138}"
EndProject
Project("{FAE04EC0-301F-11D3-BF4B-00C04F79EFBC}") = "EFS.WebAPI", "EFS.WebAPI\EFS.WebAPI.csproj", "{6C6CFAFD-AD24-4B08-83A6-643D4460E1DB}"
EndProject
Project("{FAE04EC0-301F-11D3-BF4B-00C04F79EFBC}") = "EFS.APIModel", "EFS.APIModel\EFS.APIModel.csproj", "{F43C3D4E-9B0D-4120-923F-22925E2A77FE}"
EndProject
Project("{2150E333-8FDC-42A3-9474-1A3956D46DE8}") = "Test", "Test", "{A34D87FC-76E7-48FF-B2A3-2C3E98BAA784}"
EndProject
Project("{2150E333-8FDC-42A3-9474-1A3956D46DE8}") = "Core", "Core", "{2B4F32C2-4A1B-46EF-80C5-F01A2B9ECF61}"
EndProject
Project("{FAE04EC0-301F-11D3-BF4B-00C04F79EFBC}") = "EFS.BusinessLogic", "EFS.BusinessLogic\EFS.BusinessLogic.csproj", "{077FD47D-8CB6-4BBB-85B7-195D9DB7930F}"
EndProject
Project("{FAE04EC0-301F-11D3-BF4B-00C04F79EFBC}") = "EFS.Common", "EFS.Common\EFS.Common.csproj", "{F7F9617A-36F4-4F30-8DF2-72CE731DA25E}"
EndProject
Project("{FAE04EC0-301F-11D3-BF4B-00C04F79EFBC}") = "EFS.DataAccess", "EFS.DataAccess\EFS.DataAccess.csproj", "{1237DB36-75D3-4975-930A-382AF3279DC0}"
EndProject
Project("{FAE04EC0-301F-11D3-BF4B-00C04F79EFBC}") = "EFS.Model", "EFS.Model\EFS.Model.csproj", "{11D62C9A-702A-41F2-A946-8A06FE0CCA32}"
EndProject
Global
	GlobalSection(SolutionConfigurationPlatforms) = preSolution
		Debug|Any CPU = Debug|Any CPU
		Release|Any CPU = Release|Any CPU
	EndGlobalSection
	GlobalSection(ProjectConfigurationPlatforms) = postSolution
		{06D6816C-06C8-4980-8480-7B30F139309B}.Debug|Any CPU.ActiveCfg = Debug|Any CPU
		{06D6816C-06C8-4980-8480-7B30F139309B}.Debug|Any CPU.Build.0 = Debug|Any CPU
		{06D6816C-06C8-4980-8480-7B30F139309B}.Release|Any CPU.ActiveCfg = Release|Any CPU
		{06D6816C-06C8-4980-8480-7B30F139309B}.Release|Any CPU.Build.0 = Release|Any CPU
		{54ED39D7-2B54-43BC-8F81-77FCC240CF8A}.Debug|Any CPU.ActiveCfg = Debug|Any CPU
		{54ED39D7-2B54-43BC-8F81-77FCC240CF8A}.Debug|Any CPU.Build.0 = Debug|Any CPU
		{54ED39D7-2B54-43BC-8F81-77FCC240CF8A}.Release|Any CPU.ActiveCfg = Release|Any CPU
		{54ED39D7-2B54-43BC-8F81-77FCC240CF8A}.Release|Any CPU.Build.0 = Release|Any CPU
		{6C6CFAFD-AD24-4B08-83A6-643D4460E1DB}.Debug|Any CPU.ActiveCfg = Debug|Any CPU
		{6C6CFAFD-AD24-4B08-83A6-643D4460E1DB}.Debug|Any CPU.Build.0 = Debug|Any CPU
		{6C6CFAFD-AD24-4B08-83A6-643D4460E1DB}.Release|Any CPU.ActiveCfg = Release|Any CPU
		{6C6CFAFD-AD24-4B08-83A6-643D4460E1DB}.Release|Any CPU.Build.0 = Release|Any CPU
		{F43C3D4E-9B0D-4120-923F-22925E2A77FE}.Debug|Any CPU.ActiveCfg = Debug|Any CPU
		{F43C3D4E-9B0D-4120-923F-22925E2A77FE}.Debug|Any CPU.Build.0 = Debug|Any CPU
		{F43C3D4E-9B0D-4120-923F-22925E2A77FE}.Release|Any CPU.ActiveCfg = Release|Any CPU
		{F43C3D4E-9B0D-4120-923F-22925E2A77FE}.Release|Any CPU.Build.0 = Release|Any CPU
		{077FD47D-8CB6-4BBB-85B7-195D9DB7930F}.Debug|Any CPU.ActiveCfg = Debug|Any CPU
		{077FD47D-8CB6-4BBB-85B7-195D9DB7930F}.Debug|Any CPU.Build.0 = Debug|Any CPU
		{077FD47D-8CB6-4BBB-85B7-195D9DB7930F}.Release|Any CPU.ActiveCfg = Release|Any CPU
		{077FD47D-8CB6-4BBB-85B7-195D9DB7930F}.Release|Any CPU.Build.0 = Release|Any CPU
		{F7F9617A-36F4-4F30-8DF2-72CE731DA25E}.Debug|Any CPU.ActiveCfg = Debug|Any CPU
		{F7F9617A-36F4-4F30-8DF2-72CE731DA25E}.Debug|Any CPU.Build.0 = Debug|Any CPU
		{F7F9617A-36F4-4F30-8DF2-72CE731DA25E}.Release|Any CPU.ActiveCfg = Release|Any CPU
		{F7F9617A-36F4-4F30-8DF2-72CE731DA25E}.Release|Any CPU.Build.0 = Release|Any CPU
		{1237DB36-75D3-4975-930A-382AF3279DC0}.Debug|Any CPU.ActiveCfg = Debug|Any CPU
		{1237DB36-75D3-4975-930A-382AF3279DC0}.Debug|Any CPU.Build.0 = Debug|Any CPU
		{1237DB36-75D3-4975-930A-382AF3279DC0}.Release|Any CPU.ActiveCfg = Release|Any CPU
		{1237DB36-75D3-4975-930A-382AF3279DC0}.Release|Any CPU.Build.0 = Release|Any CPU
		{11D62C9A-702A-41F2-A946-8A06FE0CCA32}.Debug|Any CPU.ActiveCfg = Debug|Any CPU
		{11D62C9A-702A-41F2-A946-8A06FE0CCA32}.Debug|Any CPU.Build.0 = Debug|Any CPU
		{11D62C9A-702A-41F2-A946-8A06FE0CCA32}.Release|Any CPU.ActiveCfg = Release|Any CPU
		{11D62C9A-702A-41F2-A946-8A06FE0CCA32}.Release|Any CPU.Build.0 = Release|Any CPU
	EndGlobalSection
	GlobalSection(SolutionProperties) = preSolution
		HideSolutionNode = FALSE
	EndGlobalSection
	GlobalSection(NestedProjects) = preSolution
		{06D6816C-06C8-4980-8480-7B30F139309B} = {752C0EB2-DDC6-4DA0-B241-76A6EBA5EF99}
		{54ED39D7-2B54-43BC-8F81-77FCC240CF8A} = {752C0EB2-DDC6-4DA0-B241-76A6EBA5EF99}
		{6C6CFAFD-AD24-4B08-83A6-643D4460E1DB} = {C9FC5098-FF7E-4C7D-8992-1A8D636D3138}
		{F43C3D4E-9B0D-4120-923F-22925E2A77FE} = {C9FC5098-FF7E-4C7D-8992-1A8D636D3138}
		{077FD47D-8CB6-4BBB-85B7-195D9DB7930F} = {2B4F32C2-4A1B-46EF-80C5-F01A2B9ECF61}
		{F7F9617A-36F4-4F30-8DF2-72CE731DA25E} = {2B4F32C2-4A1B-46EF-80C5-F01A2B9ECF61}
		{1237DB36-75D3-4975-930A-382AF3279DC0} = {2B4F32C2-4A1B-46EF-80C5-F01A2B9ECF61}
		{11D62C9A-702A-41F2-A946-8A06FE0CCA32} = {2B4F32C2-4A1B-46EF-80C5-F01A2B9ECF61}
	EndGlobalSection
EndGlobal
